{
    "_meta": {
        "hash": {
            "sha256": "edfb7216c701b0100a406ec5ddb688d4e8c168a60e67006a6d7f2cbef281beb2"
        },
        "pipfile-spec": 1,
        "requires": {},
        "sources": [
            {
                "url": "https://pypi.python.org/simple",
                "verify_ssl": true
            }
        ]
    },
    "default": {
        "django": {
            "version": "==1.11.4"
        },
        "django-material": {
            "version": "==1.0.0"
        },
        "psycopg2": {
            "version": "==2.7.3"
        },
        "pytz": {
            "version": "==2017.2"
        }
    },
    "develop": {
        "decorator": {
            "version": "==4.1.2"
        },
        "ipython": {
            "version": "==6.1.0"
        },
        "ipython-genutils": {
            "version": "==0.2.0"
        },
        "jedi": {
            "version": "==0.10.2"
        },
        "pexpect": {
            "version": "==4.2.1"
        },
        "pickleshare": {
            "version": "==0.7.4"
        },
        "prompt-toolkit": {
            "version": "==1.0.15"
        },
        "ptyprocess": {
            "version": "==0.5.2"
        },
        "pygments": {
            "version": "==2.2.0"
        },
        "simplegeneric": {
            "version": "==0.8.1"
        },
        "six": {
            "version": "==1.10.0"
        },
        "traitlets": {
            "version": "==4.3.2"
        },
        "wcwidth": {
            "version": "==0.1.7"
        }
    }
}
